// !$*UTF8*$!
{
	archiveVersion = 1;
	classes = {
	};
	objectVersion = 55;
	objects = {

/* Begin PBXBuildFile section */
		CD3E39D428B0DDBE00FEB838 /* MovieCollectionViewCell.swift in Sources */ = {isa = PBXBuildFile; fileRef = CD3E39D328B0DDBE00FEB838 /* MovieCollectionViewCell.swift */; };
		CD3E39D828B0DECD00FEB838 /* ConfigurableView.swift in Sources */ = {isa = PBXBuildFile; fileRef = CD3E39D728B0DECD00FEB838 /* ConfigurableView.swift */; };
		CD3E39DC28B0DFE000FEB838 /* ReuseIdentifierable.swift in Sources */ = {isa = PBXBuildFile; fileRef = CD3E39DB28B0DFE000FEB838 /* ReuseIdentifierable.swift */; };
		CD3E39DF28B0E49100FEB838 /* UICollectionView+Extensions.swift in Sources */ = {isa = PBXBuildFile; fileRef = CD3E39DE28B0E49100FEB838 /* UICollectionView+Extensions.swift */; };
		CD3E39E128B0E63000FEB838 /* MovieBrowserPresenter.swift in Sources */ = {isa = PBXBuildFile; fileRef = CD3E39E028B0E63000FEB838 /* MovieBrowserPresenter.swift */; };
		CD3E39E328B0E8E900FEB838 /* MovieBrowserAssembly.swift in Sources */ = {isa = PBXBuildFile; fileRef = CD3E39E228B0E8E900FEB838 /* MovieBrowserAssembly.swift */; };
		CD3E39E728B1042300FEB838 /* MovieBrowserDataHolder.swift in Sources */ = {isa = PBXBuildFile; fileRef = CD3E39E628B1042300FEB838 /* MovieBrowserDataHolder.swift */; };
		CD3E39EA28B1054D00FEB838 /* MovieBrowserDataHolderMock.swift in Sources */ = {isa = PBXBuildFile; fileRef = CD3E39E928B1054D00FEB838 /* MovieBrowserDataHolderMock.swift */; };
		CD71D13F28B0020000269E60 /* AppDelegate.swift in Sources */ = {isa = PBXBuildFile; fileRef = CD71D13E28B0020000269E60 /* AppDelegate.swift */; };
		CD71D14328B0020000269E60 /* MovieBrowserViewController.swift in Sources */ = {isa = PBXBuildFile; fileRef = CD71D14228B0020000269E60 /* MovieBrowserViewController.swift */; };
		CD71D14828B0020100269E60 /* Assets.xcassets in Resources */ = {isa = PBXBuildFile; fileRef = CD71D14728B0020100269E60 /* Assets.xcassets */; };
		CD71D14B28B0020100269E60 /* LaunchScreen.storyboard in Resources */ = {isa = PBXBuildFile; fileRef = CD71D14928B0020100269E60 /* LaunchScreen.storyboard */; };
		CDBCA76D28B3E25700157A42 /* MovieService.swift in Sources */ = {isa = PBXBuildFile; fileRef = CDBCA76C28B3E25700157A42 /* MovieService.swift */; };
		CDBE4DDA28B3720600B2884C /* MovieDescriptionView.swift in Sources */ = {isa = PBXBuildFile; fileRef = CDBE4DD928B3720600B2884C /* MovieDescriptionView.swift */; };
		CDBE4DDD28B382A900B2884C /* CGFloat+Design.swift in Sources */ = {isa = PBXBuildFile; fileRef = CDBE4DDC28B382A900B2884C /* CGFloat+Design.swift */; };
		CDF2ED0528B2AE160088B34C /* MaskedContainerView.swift in Sources */ = {isa = PBXBuildFile; fileRef = CDF2ED0428B2AE160088B34C /* MaskedContainerView.swift */; };
		CDF2ED0728B2AE210088B34C /* BackgroundGradientLayer.swift in Sources */ = {isa = PBXBuildFile; fileRef = CDF2ED0628B2AE210088B34C /* BackgroundGradientLayer.swift */; };
/* End PBXBuildFile section */

/* Begin PBXFileReference section */
		CD3E39D328B0DDBE00FEB838 /* MovieCollectionViewCell.swift */ = {isa = PBXFileReference; lastKnownFileType = sourcecode.swift; path = MovieCollectionViewCell.swift; sourceTree = "<group>"; };
		CD3E39D728B0DECD00FEB838 /* ConfigurableView.swift */ = {isa = PBXFileReference; lastKnownFileType = sourcecode.swift; path = ConfigurableView.swift; sourceTree = "<group>"; };
		CD3E39DB28B0DFE000FEB838 /* ReuseIdentifierable.swift */ = {isa = PBXFileReference; lastKnownFileType = sourcecode.swift; path = ReuseIdentifierable.swift; sourceTree = "<group>"; };
		CD3E39DE28B0E49100FEB838 /* UICollectionView+Extensions.swift */ = {isa = PBXFileReference; lastKnownFileType = sourcecode.swift; path = "UICollectionView+Extensions.swift"; sourceTree = "<group>"; };
		CD3E39E028B0E63000FEB838 /* MovieBrowserPresenter.swift */ = {isa = PBXFileReference; lastKnownFileType = sourcecode.swift; path = MovieBrowserPresenter.swift; sourceTree = "<group>"; };
		CD3E39E228B0E8E900FEB838 /* MovieBrowserAssembly.swift */ = {isa = PBXFileReference; lastKnownFileType = sourcecode.swift; path = MovieBrowserAssembly.swift; sourceTree = "<group>"; };
		CD3E39E628B1042300FEB838 /* MovieBrowserDataHolder.swift */ = {isa = PBXFileReference; lastKnownFileType = sourcecode.swift; path = MovieBrowserDataHolder.swift; sourceTree = "<group>"; };
		CD3E39E928B1054D00FEB838 /* MovieBrowserDataHolderMock.swift */ = {isa = PBXFileReference; lastKnownFileType = sourcecode.swift; path = MovieBrowserDataHolderMock.swift; sourceTree = "<group>"; };
		CD71D13B28B0020000269E60 /* movieApp.app */ = {isa = PBXFileReference; explicitFileType = wrapper.application; includeInIndex = 0; path = movieApp.app; sourceTree = BUILT_PRODUCTS_DIR; };
		CD71D13E28B0020000269E60 /* AppDelegate.swift */ = {isa = PBXFileReference; lastKnownFileType = sourcecode.swift; path = AppDelegate.swift; sourceTree = "<group>"; };
		CD71D14228B0020000269E60 /* MovieBrowserViewController.swift */ = {isa = PBXFileReference; lastKnownFileType = sourcecode.swift; path = MovieBrowserViewController.swift; sourceTree = "<group>"; };
		CD71D14728B0020100269E60 /* Assets.xcassets */ = {isa = PBXFileReference; lastKnownFileType = folder.assetcatalog; path = Assets.xcassets; sourceTree = "<group>"; };
		CD71D14A28B0020100269E60 /* Base */ = {isa = PBXFileReference; lastKnownFileType = file.storyboard; name = Base; path = Base.lproj/LaunchScreen.storyboard; sourceTree = "<group>"; };
		CD71D14C28B0020100269E60 /* Info.plist */ = {isa = PBXFileReference; lastKnownFileType = text.plist.xml; name = Info.plist; path = movieApp/App/SupportingFiles/Info.plist; sourceTree = SOURCE_ROOT; };
		CDBCA76C28B3E25700157A42 /* MovieService.swift */ = {isa = PBXFileReference; lastKnownFileType = sourcecode.swift; path = MovieService.swift; sourceTree = "<group>"; };
		CDBE4DD928B3720600B2884C /* MovieDescriptionView.swift */ = {isa = PBXFileReference; lastKnownFileType = sourcecode.swift; path = MovieDescriptionView.swift; sourceTree = "<group>"; };
		CDBE4DDC28B382A900B2884C /* CGFloat+Design.swift */ = {isa = PBXFileReference; lastKnownFileType = sourcecode.swift; path = "CGFloat+Design.swift"; sourceTree = "<group>"; };
		CDF2ED0428B2AE160088B34C /* MaskedContainerView.swift */ = {isa = PBXFileReference; fileEncoding = 4; lastKnownFileType = sourcecode.swift; path = MaskedContainerView.swift; sourceTree = "<group>"; };
		CDF2ED0628B2AE210088B34C /* BackgroundGradientLayer.swift */ = {isa = PBXFileReference; fileEncoding = 4; lastKnownFileType = sourcecode.swift; path = BackgroundGradientLayer.swift; sourceTree = "<group>"; };
/* End PBXFileReference section */

/* Begin PBXFrameworksBuildPhase section */
		CD71D13828B0020000269E60 /* Frameworks */ = {
			isa = PBXFrameworksBuildPhase;
			buildActionMask = 2147483647;
			files = (
			);
			runOnlyForDeploymentPostprocessing = 0;
		};
/* End PBXFrameworksBuildPhase section */

/* Begin PBXGroup section */
		CD3E39C628B0D9B900FEB838 /* App */ = {
			isa = PBXGroup;
			children = (
				CD3E39D128B0DB8100FEB838 /* AppDelegate */,
				CD3E39D028B0DB6E00FEB838 /* SupportingFiles */,
			);
			path = App;
			sourceTree = "<group>";
		};
		CD3E39C728B0D9C400FEB838 /* Resources */ = {
			isa = PBXGroup;
			children = (
				CD71D14728B0020100269E60 /* Assets.xcassets */,
			);
			path = Resources;
			sourceTree = "<group>";
		};
		CD3E39C828B0D9FF00FEB838 /* Core */ = {
			isa = PBXGroup;
			children = (
			);
			path = Core;
			sourceTree = "<group>";
		};
		CD3E39C928B0DA2700FEB838 /* Presentation */ = {
			isa = PBXGroup;
			children = (
				CD3E39CD28B0DAE000FEB838 /* UserStories */,
			);
			path = Presentation;
			sourceTree = "<group>";
		};
		CD3E39CA28B0DA3F00FEB838 /* 0. LaunchScreen */ = {
			isa = PBXGroup;
			children = (
				CD71D14928B0020100269E60 /* LaunchScreen.storyboard */,
			);
			path = "0. LaunchScreen";
			sourceTree = "<group>";
		};
		CD3E39CB28B0DA5F00FEB838 /* 1. Profile */ = {
			isa = PBXGroup;
			children = (
			);
			path = "1. Profile";
			sourceTree = "<group>";
		};
		CD3E39CD28B0DAE000FEB838 /* UserStories */ = {
			isa = PBXGroup;
			children = (
				CD3E39CA28B0DA3F00FEB838 /* 0. LaunchScreen */,
				CD3E39CB28B0DA5F00FEB838 /* 1. Profile */,
				CD3E39CE28B0DB0800FEB838 /* 2. MovieBrowser */,
				CD3E39CF28B0DB1C00FEB838 /* 3. MovieDetails */,
			);
			path = UserStories;
			sourceTree = "<group>";
		};
		CD3E39CE28B0DB0800FEB838 /* 2. MovieBrowser */ = {
			isa = PBXGroup;
			children = (
				CD3E39D228B0DDAD00FEB838 /* View */,
				CD3E39E228B0E8E900FEB838 /* MovieBrowserAssembly.swift */,
				CD71D14228B0020000269E60 /* MovieBrowserViewController.swift */,
				CD3E39E028B0E63000FEB838 /* MovieBrowserPresenter.swift */,
				CD3E39E628B1042300FEB838 /* MovieBrowserDataHolder.swift */,
				CD3E39E828B1052D00FEB838 /* Mocks */,
			);
			path = "2. MovieBrowser";
			sourceTree = "<group>";
		};
		CD3E39CF28B0DB1C00FEB838 /* 3. MovieDetails */ = {
			isa = PBXGroup;
			children = (
			);
			path = "3. MovieDetails";
			sourceTree = "<group>";
		};
		CD3E39D028B0DB6E00FEB838 /* SupportingFiles */ = {
			isa = PBXGroup;
			children = (
				CD71D14C28B0020100269E60 /* Info.plist */,
			);
			path = SupportingFiles;
			sourceTree = "<group>";
		};
		CD3E39D128B0DB8100FEB838 /* AppDelegate */ = {
			isa = PBXGroup;
			children = (
				CD71D13E28B0020000269E60 /* AppDelegate.swift */,
			);
			path = AppDelegate;
			sourceTree = "<group>";
		};
		CD3E39D228B0DDAD00FEB838 /* View */ = {
			isa = PBXGroup;
			children = (
				CD3E39D328B0DDBE00FEB838 /* MovieCollectionViewCell.swift */,
				CDBE4DD928B3720600B2884C /* MovieDescriptionView.swift */,
			);
			path = View;
			sourceTree = "<group>";
		};
		CD3E39D528B0DE8F00FEB838 /* DesignKit */ = {
			isa = PBXGroup;
			children = (
				CD3E39DD28B0E48600FEB838 /* Extensions */,
				CD3E39D628B0DEAC00FEB838 /* Protocols */,
			);
			path = DesignKit;
			sourceTree = "<group>";
		};
		CD3E39D628B0DEAC00FEB838 /* Protocols */ = {
			isa = PBXGroup;
			children = (
				CD3E39D728B0DECD00FEB838 /* ConfigurableView.swift */,
				CD3E39DB28B0DFE000FEB838 /* ReuseIdentifierable.swift */,
				CDF2ED0128B2ADDF0088B34C /* UIFoundation */,
			);
			path = Protocols;
			sourceTree = "<group>";
		};
		CD3E39DD28B0E48600FEB838 /* Extensions */ = {
			isa = PBXGroup;
			children = (
				CD3E39DE28B0E49100FEB838 /* UICollectionView+Extensions.swift */,
			);
			path = Extensions;
			sourceTree = "<group>";
		};
		CD3E39E828B1052D00FEB838 /* Mocks */ = {
			isa = PBXGroup;
			children = (
				CD3E39E928B1054D00FEB838 /* MovieBrowserDataHolderMock.swift */,
			);
			path = Mocks;
			sourceTree = "<group>";
		};
		CD71D13228B0020000269E60 = {
			isa = PBXGroup;
			children = (
				CD71D13D28B0020000269E60 /* movieApp */,
				CD71D13C28B0020000269E60 /* Products */,
			);
			sourceTree = "<group>";
		};
		CD71D13C28B0020000269E60 /* Products */ = {
			isa = PBXGroup;
			children = (
				CD71D13B28B0020000269E60 /* movieApp.app */,
			);
			name = Products;
			sourceTree = "<group>";
		};
		CD71D13D28B0020000269E60 /* movieApp */ = {
			isa = PBXGroup;
			children = (
				CD3E39C628B0D9B900FEB838 /* App */,
				CDBCA76728B3E1CC00157A42 /* BusinessLogic */,
				CD3E39C828B0D9FF00FEB838 /* Core */,
				CD3E39C928B0DA2700FEB838 /* Presentation */,
				CD3E39C728B0D9C400FEB838 /* Resources */,
				CD3E39D528B0DE8F00FEB838 /* DesignKit */,
				CDBE4DDB28B3828100B2884C /* Constants */,
			);
			path = movieApp;
			sourceTree = "<group>";
		};
		CDBCA76728B3E1CC00157A42 /* BusinessLogic */ = {
			isa = PBXGroup;
			children = (
				CDBCA76828B3E1EE00157A42 /* Services */,
			);
			path = BusinessLogic;
			sourceTree = "<group>";
		};
		CDBCA76828B3E1EE00157A42 /* Services */ = {
			isa = PBXGroup;
			children = (
				CDBCA76928B3E21400157A42 /* MovieService */,
			);
			path = Services;
			sourceTree = "<group>";
		};
		CDBCA76928B3E21400157A42 /* MovieService */ = {
			isa = PBXGroup;
			children = (
				CDBCA76B28B3E24700157A42 /* Request */,
				CDBCA76A28B3E24000157A42 /* Model */,
				CDBCA76C28B3E25700157A42 /* MovieService.swift */,
			);
			path = MovieService;
			sourceTree = "<group>";
		};
		CDBCA76A28B3E24000157A42 /* Model */ = {
			isa = PBXGroup;
			children = (
			);
			path = Model;
			sourceTree = "<group>";
		};
		CDBCA76B28B3E24700157A42 /* Request */ = {
			isa = PBXGroup;
			children = (
			);
			path = Request;
			sourceTree = "<group>";
		};
		CDBE4DDB28B3828100B2884C /* Constants */ = {
			isa = PBXGroup;
			children = (
				CDBE4DDC28B382A900B2884C /* CGFloat+Design.swift */,
			);
			path = Constants;
			sourceTree = "<group>";
		};
		CDF2ED0128B2ADDF0088B34C /* UIFoundation */ = {
			isa = PBXGroup;
			children = (
				CDF2ED0228B2ADF50088B34C /* Components */,
			);
			path = UIFoundation;
			sourceTree = "<group>";
		};
		CDF2ED0228B2ADF50088B34C /* Components */ = {
			isa = PBXGroup;
			children = (
				CDF2ED0828B2AE8E0088B34C /* Containers */,
				CDF2ED0328B2AE030088B34C /* Elements */,
			);
			path = Components;
			sourceTree = "<group>";
		};
		CDF2ED0328B2AE030088B34C /* Elements */ = {
			isa = PBXGroup;
			children = (
				CDF2ED0628B2AE210088B34C /* BackgroundGradientLayer.swift */,
			);
			path = Elements;
			sourceTree = "<group>";
		};
		CDF2ED0828B2AE8E0088B34C /* Containers */ = {
			isa = PBXGroup;
			children = (
				CDF2ED0428B2AE160088B34C /* MaskedContainerView.swift */,
			);
			path = Containers;
			sourceTree = "<group>";
		};
/* End PBXGroup section */

/* Begin PBXNativeTarget section */
		CD71D13A28B0020000269E60 /* movieApp */ = {
			isa = PBXNativeTarget;
			buildConfigurationList = CD71D14F28B0020100269E60 /* Build configuration list for PBXNativeTarget "movieApp" */;
			buildPhases = (
				CD71D13728B0020000269E60 /* Sources */,
				CD71D13828B0020000269E60 /* Frameworks */,
				CD71D13928B0020000269E60 /* Resources */,
			);
			buildRules = (
			);
			dependencies = (
			);
			name = movieApp;
			productName = movieApp;
			productReference = CD71D13B28B0020000269E60 /* movieApp.app */;
			productType = "com.apple.product-type.application";
		};
/* End PBXNativeTarget section */

/* Begin PBXProject section */
		CD71D13328B0020000269E60 /* Project object */ = {
			isa = PBXProject;
			attributes = {
				BuildIndependentTargetsInParallel = 1;
				LastSwiftUpdateCheck = 1340;
				LastUpgradeCheck = 1340;
				TargetAttributes = {
					CD71D13A28B0020000269E60 = {
						CreatedOnToolsVersion = 13.4.1;
					};
				};
			};
			buildConfigurationList = CD71D13628B0020000269E60 /* Build configuration list for PBXProject "movieApp" */;
			compatibilityVersion = "Xcode 13.0";
			developmentRegion = en;
			hasScannedForEncodings = 0;
			knownRegions = (
				en,
				Base,
			);
			mainGroup = CD71D13228B0020000269E60;
			productRefGroup = CD71D13C28B0020000269E60 /* Products */;
			projectDirPath = "";
			projectRoot = "";
			targets = (
				CD71D13A28B0020000269E60 /* movieApp */,
			);
		};
/* End PBXProject section */

/* Begin PBXResourcesBuildPhase section */
		CD71D13928B0020000269E60 /* Resources */ = {
			isa = PBXResourcesBuildPhase;
			buildActionMask = 2147483647;
			files = (
				CD71D14B28B0020100269E60 /* LaunchScreen.storyboard in Resources */,
				CD71D14828B0020100269E60 /* Assets.xcassets in Resources */,
			);
			runOnlyForDeploymentPostprocessing = 0;
		};
/* End PBXResourcesBuildPhase section */

/* Begin PBXSourcesBuildPhase section */
		CD71D13728B0020000269E60 /* Sources */ = {
			isa = PBXSourcesBuildPhase;
			buildActionMask = 2147483647;
			files = (
				CD3E39DF28B0E49100FEB838 /* UICollectionView+Extensions.swift in Sources */,
				CD3E39D428B0DDBE00FEB838 /* MovieCollectionViewCell.swift in Sources */,
				CDBE4DDD28B382A900B2884C /* CGFloat+Design.swift in Sources */,
				CD3E39E128B0E63000FEB838 /* MovieBrowserPresenter.swift in Sources */,
				CD3E39E728B1042300FEB838 /* MovieBrowserDataHolder.swift in Sources */,
				CD3E39D828B0DECD00FEB838 /* ConfigurableView.swift in Sources */,
				CD3E39EA28B1054D00FEB838 /* MovieBrowserDataHolderMock.swift in Sources */,
				CD71D14328B0020000269E60 /* MovieBrowserViewController.swift in Sources */,
				CDF2ED0728B2AE210088B34C /* BackgroundGradientLayer.swift in Sources */,
				CDBCA76D28B3E25700157A42 /* MovieService.swift in Sources */,
				CD3E39E328B0E8E900FEB838 /* MovieBrowserAssembly.swift in Sources */,
				CDF2ED0528B2AE160088B34C /* MaskedContainerView.swift in Sources */,
				CD71D13F28B0020000269E60 /* AppDelegate.swift in Sources */,
				CDBE4DDA28B3720600B2884C /* MovieDescriptionView.swift in Sources */,
				CD3E39DC28B0DFE000FEB838 /* ReuseIdentifierable.swift in Sources */,
			);
			runOnlyForDeploymentPostprocessing = 0;
		};
/* End PBXSourcesBuildPhase section */

/* Begin PBXVariantGroup section */
		CD71D14928B0020100269E60 /* LaunchScreen.storyboard */ = {
			isa = PBXVariantGroup;
			children = (
				CD71D14A28B0020100269E60 /* Base */,
			);
			name = LaunchScreen.storyboard;
			sourceTree = "<group>";
		};
/* End PBXVariantGroup section */

/* Begin XCBuildConfiguration section */
		CD71D14D28B0020100269E60 /* Debug */ = {
			isa = XCBuildConfiguration;
			buildSettings = {
				ALWAYS_SEARCH_USER_PATHS = NO;
				CLANG_ANALYZER_NONNULL = YES;
				CLANG_ANALYZER_NUMBER_OBJECT_CONVERSION = YES_AGGRESSIVE;
				CLANG_CXX_LANGUAGE_STANDARD = "gnu++17";
				CLANG_ENABLE_MODULES = YES;
				CLANG_ENABLE_OBJC_ARC = YES;
				CLANG_ENABLE_OBJC_WEAK = YES;
				CLANG_WARN_BLOCK_CAPTURE_AUTORELEASING = YES;
				CLANG_WARN_BOOL_CONVERSION = YES;
				CLANG_WARN_COMMA = YES;
				CLANG_WARN_CONSTANT_CONVERSION = YES;
				CLANG_WARN_DEPRECATED_OBJC_IMPLEMENTATIONS = YES;
				CLANG_WARN_DIRECT_OBJC_ISA_USAGE = YES_ERROR;
				CLANG_WARN_DOCUMENTATION_COMMENTS = YES;
				CLANG_WARN_EMPTY_BODY = YES;
				CLANG_WARN_ENUM_CONVERSION = YES;
				CLANG_WARN_INFINITE_RECURSION = YES;
				CLANG_WARN_INT_CONVERSION = YES;
				CLANG_WARN_NON_LITERAL_NULL_CONVERSION = YES;
				CLANG_WARN_OBJC_IMPLICIT_RETAIN_SELF = YES;
				CLANG_WARN_OBJC_LITERAL_CONVERSION = YES;
				CLANG_WARN_OBJC_ROOT_CLASS = YES_ERROR;
				CLANG_WARN_QUOTED_INCLUDE_IN_FRAMEWORK_HEADER = YES;
				CLANG_WARN_RANGE_LOOP_ANALYSIS = YES;
				CLANG_WARN_STRICT_PROTOTYPES = YES;
				CLANG_WARN_SUSPICIOUS_MOVE = YES;
				CLANG_WARN_UNGUARDED_AVAILABILITY = YES_AGGRESSIVE;
				CLANG_WARN_UNREACHABLE_CODE = YES;
				CLANG_WARN__DUPLICATE_METHOD_MATCH = YES;
				COPY_PHASE_STRIP = NO;
				DEBUG_INFORMATION_FORMAT = dwarf;
				ENABLE_STRICT_OBJC_MSGSEND = YES;
				ENABLE_TESTABILITY = YES;
				GCC_C_LANGUAGE_STANDARD = gnu11;
				GCC_DYNAMIC_NO_PIC = NO;
				GCC_NO_COMMON_BLOCKS = YES;
				GCC_OPTIMIZATION_LEVEL = 0;
				GCC_PREPROCESSOR_DEFINITIONS = (
					"DEBUG=1",
					"$(inherited)",
				);
				GCC_WARN_64_TO_32_BIT_CONVERSION = YES;
				GCC_WARN_ABOUT_RETURN_TYPE = YES_ERROR;
				GCC_WARN_UNDECLARED_SELECTOR = YES;
				GCC_WARN_UNINITIALIZED_AUTOS = YES_AGGRESSIVE;
				GCC_WARN_UNUSED_FUNCTION = YES;
				GCC_WARN_UNUSED_VARIABLE = YES;
				IPHONEOS_DEPLOYMENT_TARGET = 15.5;
				MTL_ENABLE_DEBUG_INFO = INCLUDE_SOURCE;
				MTL_FAST_MATH = YES;
				ONLY_ACTIVE_ARCH = YES;
				SDKROOT = iphoneos;
				SWIFT_ACTIVE_COMPILATION_CONDITIONS = DEBUG;
				SWIFT_OPTIMIZATION_LEVEL = "-Onone";
			};
			name = Debug;
		};
		CD71D14E28B0020100269E60 /* Release */ = {
			isa = XCBuildConfiguration;
			buildSettings = {
				ALWAYS_SEARCH_USER_PATHS = NO;
				CLANG_ANALYZER_NONNULL = YES;
				CLANG_ANALYZER_NUMBER_OBJECT_CONVERSION = YES_AGGRESSIVE;
				CLANG_CXX_LANGUAGE_STANDARD = "gnu++17";
				CLANG_ENABLE_MODULES = YES;
				CLANG_ENABLE_OBJC_ARC = YES;
				CLANG_ENABLE_OBJC_WEAK = YES;
				CLANG_WARN_BLOCK_CAPTURE_AUTORELEASING = YES;
				CLANG_WARN_BOOL_CONVERSION = YES;
				CLANG_WARN_COMMA = YES;
				CLANG_WARN_CONSTANT_CONVERSION = YES;
				CLANG_WARN_DEPRECATED_OBJC_IMPLEMENTATIONS = YES;
				CLANG_WARN_DIRECT_OBJC_ISA_USAGE = YES_ERROR;
				CLANG_WARN_DOCUMENTATION_COMMENTS = YES;
				CLANG_WARN_EMPTY_BODY = YES;
				CLANG_WARN_ENUM_CONVERSION = YES;
				CLANG_WARN_INFINITE_RECURSION = YES;
				CLANG_WARN_INT_CONVERSION = YES;
				CLANG_WARN_NON_LITERAL_NULL_CONVERSION = YES;
				CLANG_WARN_OBJC_IMPLICIT_RETAIN_SELF = YES;
				CLANG_WARN_OBJC_LITERAL_CONVERSION = YES;
				CLANG_WARN_OBJC_ROOT_CLASS = YES_ERROR;
				CLANG_WARN_QUOTED_INCLUDE_IN_FRAMEWORK_HEADER = YES;
				CLANG_WARN_RANGE_LOOP_ANALYSIS = YES;
				CLANG_WARN_STRICT_PROTOTYPES = YES;
				CLANG_WARN_SUSPICIOUS_MOVE = YES;
				CLANG_WARN_UNGUARDED_AVAILABILITY = YES_AGGRESSIVE;
				CLANG_WARN_UNREACHABLE_CODE = YES;
				CLANG_WARN__DUPLICATE_METHOD_MATCH = YES;
				COPY_PHASE_STRIP = NO;
				DEBUG_INFORMATION_FORMAT = "dwarf-with-dsym";
				ENABLE_NS_ASSERTIONS = NO;
				ENABLE_STRICT_OBJC_MSGSEND = YES;
				GCC_C_LANGUAGE_STANDARD = gnu11;
				GCC_NO_COMMON_BLOCKS = YES;
				GCC_WARN_64_TO_32_BIT_CONVERSION = YES;
				GCC_WARN_ABOUT_RETURN_TYPE = YES_ERROR;
				GCC_WARN_UNDECLARED_SELECTOR = YES;
				GCC_WARN_UNINITIALIZED_AUTOS = YES_AGGRESSIVE;
				GCC_WARN_UNUSED_FUNCTION = YES;
				GCC_WARN_UNUSED_VARIABLE = YES;
				IPHONEOS_DEPLOYMENT_TARGET = 15.5;
				MTL_ENABLE_DEBUG_INFO = NO;
				MTL_FAST_MATH = YES;
				SDKROOT = iphoneos;
				SWIFT_COMPILATION_MODE = wholemodule;
				SWIFT_OPTIMIZATION_LEVEL = "-O";
				VALIDATE_PRODUCT = YES;
			};
			name = Release;
		};
		CD71D15028B0020100269E60 /* Debug */ = {
			isa = XCBuildConfiguration;
			buildSettings = {
				ASSETCATALOG_COMPILER_APPICON_NAME = AppIcon;
				ASSETCATALOG_COMPILER_GLOBAL_ACCENT_COLOR_NAME = AccentColor;
				CODE_SIGN_STYLE = Automatic;
				CURRENT_PROJECT_VERSION = 1;
				DEVELOPMENT_TEAM = XLNRW25236;
				GENERATE_INFOPLIST_FILE = YES;
				INFOPLIST_FILE = movieApp/App/SupportingFiles/Info.plist;
				INFOPLIST_KEY_UIApplicationSupportsIndirectInputEvents = YES;
				INFOPLIST_KEY_UILaunchStoryboardName = LaunchScreen;
				INFOPLIST_KEY_UISupportedInterfaceOrientations = UIInterfaceOrientationPortrait;
				INFOPLIST_KEY_UISupportedInterfaceOrientations_iPad = "UIInterfaceOrientationPortrait UIInterfaceOrientationPortraitUpsideDown UIInterfaceOrientationLandscapeLeft UIInterfaceOrientationLandscapeRight";
				INFOPLIST_KEY_UISupportedInterfaceOrientations_iPhone = "UIInterfaceOrientationPortrait UIInterfaceOrientationLandscapeLeft UIInterfaceOrientationLandscapeRight";
				IPHONEOS_DEPLOYMENT_TARGET = 13.0;
				LD_RUNPATH_SEARCH_PATHS = (
					"$(inherited)",
					"@executable_path/Frameworks",
				);
				MARKETING_VERSION = 1.0;
				PRODUCT_BUNDLE_IDENTIFIER = original.movieApp;
				PRODUCT_NAME = "$(TARGET_NAME)";
				SWIFT_EMIT_LOC_STRINGS = YES;
				SWIFT_VERSION = 5.0;
				TARGETED_DEVICE_FAMILY = 1;
			};
			name = Debug;
		};
		CD71D15128B0020100269E60 /* Release */ = {
			isa = XCBuildConfiguration;
			buildSettings = {
				ASSETCATALOG_COMPILER_APPICON_NAME = AppIcon;
				ASSETCATALOG_COMPILER_GLOBAL_ACCENT_COLOR_NAME = AccentColor;
				CODE_SIGN_STYLE = Automatic;
				CURRENT_PROJECT_VERSION = 1;
				DEVELOPMENT_TEAM = XLNRW25236;
				GENERATE_INFOPLIST_FILE = YES;
				INFOPLIST_FILE = movieApp/App/SupportingFiles/Info.plist;
				INFOPLIST_KEY_UIApplicationSupportsIndirectInputEvents = YES;
				INFOPLIST_KEY_UILaunchStoryboardName = LaunchScreen;
				INFOPLIST_KEY_UISupportedInterfaceOrientations = UIInterfaceOrientationPortrait;
				INFOPLIST_KEY_UISupportedInterfaceOrientations_iPad = "UIInterfaceOrientationPortrait UIInterfaceOrientationPortraitUpsideDown UIInterfaceOrientationLandscapeLeft UIInterfaceOrientationLandscapeRight";
				INFOPLIST_KEY_UISupportedInterfaceOrientations_iPhone = "UIInterfaceOrientationPortrait UIInterfaceOrientationLandscapeLeft UIInterfaceOrientationLandscapeRight";
				IPHONEOS_DEPLOYMENT_TARGET = 13.0;
				LD_RUNPATH_SEARCH_PATHS = (
					"$(inherited)",
					"@executable_path/Frameworks",
				);
				MARKETING_VERSION = 1.0;
				PRODUCT_BUNDLE_IDENTIFIER = original.movieApp;
				PRODUCT_NAME = "$(TARGET_NAME)";
				SWIFT_EMIT_LOC_STRINGS = YES;
				SWIFT_VERSION = 5.0;
				TARGETED_DEVICE_FAMILY = 1;
			};
			name = Release;
		};
/* End XCBuildConfiguration section */

/* Begin XCConfigurationList section */
		CD71D13628B0020000269E60 /* Build configuration list for PBXProject "movieApp" */ = {
			isa = XCConfigurationList;
			buildConfigurations = (
				CD71D14D28B0020100269E60 /* Debug */,
				CD71D14E28B0020100269E60 /* Release */,
			);
			defaultConfigurationIsVisible = 0;
			defaultConfigurationName = Release;
		};
		CD71D14F28B0020100269E60 /* Build configuration list for PBXNativeTarget "movieApp" */ = {
			isa = XCConfigurationList;
			buildConfigurations = (
				CD71D15028B0020100269E60 /* Debug */,
				CD71D15128B0020100269E60 /* Release */,
			);
			defaultConfigurationIsVisible = 0;
			defaultConfigurationName = Release;
		};
/* End XCConfigurationList section */
	};
	rootObject = CD71D13328B0020000269E60 /* Project object */;
}
